// !$*UTF8*$!
{
	archiveVersion = 1;
	classes = {
	};
	objectVersion = 50;
	objects = {

/* Begin PBXBuildFile section */
		A021CFD526C0DCB200B8CDDE /* AppDelegate.swift in Sources */ = {isa = PBXBuildFile; fileRef = A021CFD426C0DCB200B8CDDE /* AppDelegate.swift */; };
		A021CFD726C0DCB200B8CDDE /* SceneDelegate.swift in Sources */ = {isa = PBXBuildFile; fileRef = A021CFD626C0DCB200B8CDDE /* SceneDelegate.swift */; };
		A021CFD926C0DCB200B8CDDE /* ViewController.swift in Sources */ = {isa = PBXBuildFile; fileRef = A021CFD826C0DCB200B8CDDE /* ViewController.swift */; };
		A021CFDC26C0DCB200B8CDDE /* Main.storyboard in Resources */ = {isa = PBXBuildFile; fileRef = A021CFDA26C0DCB200B8CDDE /* Main.storyboard */; };
		A021CFDE26C0DCB400B8CDDE /* Assets.xcassets in Resources */ = {isa = PBXBuildFile; fileRef = A021CFDD26C0DCB400B8CDDE /* Assets.xcassets */; };
		A021CFE126C0DCB400B8CDDE /* LaunchScreen.storyboard in Resources */ = {isa = PBXBuildFile; fileRef = A021CFDF26C0DCB400B8CDDE /* LaunchScreen.storyboard */; };
/* End PBXBuildFile section */

/* Begin PBXFileReference section */
		A021CFD126C0DCB200B8CDDE /* PullToRefreshPractice.app */ = {isa = PBXFileReference; explicitFileType = wrapper.application; includeInIndex = 0; path = PullToRefreshPractice.app; sourceTree = BUILT_PRODUCTS_DIR; };
		A021CFD426C0DCB200B8CDDE /* AppDelegate.swift */ = {isa = PBXFileReference; lastKnownFileType = sourcecode.swift; path = AppDelegate.swift; sourceTree = "<group>"; };
		A021CFD626C0DCB200B8CDDE /* SceneDelegate.swift */ = {isa = PBXFileReference; lastKnownFileType = sourcecode.swift; path = SceneDelegate.swift; sourceTree = "<group>"; };
		A021CFD826C0DCB200B8CDDE /* ViewController.swift */ = {isa = PBXFileReference; lastKnownFileType = sourcecode.swift; path = ViewController.swift; sourceTree = "<group>"; };
		A021CFDB26C0DCB200B8CDDE /* Base */ = {isa = PBXFileReference; lastKnownFileType = file.storyboard; name = Base; path = Base.lproj/Main.storyboard; sourceTree = "<group>"; };
		A021CFDD26C0DCB400B8CDDE /* Assets.xcassets */ = {isa = PBXFileReference; lastKnownFileType = folder.assetcatalog; path = Assets.xcassets; sourceTree = "<group>"; };
		A021CFE026C0DCB400B8CDDE /* Base */ = {isa = PBXFileReference; lastKnownFileType = file.storyboard; name = Base; path = Base.lproj/LaunchScreen.storyboard; sourceTree = "<group>"; };
		A021CFE226C0DCB400B8CDDE /* Info.plist */ = {isa = PBXFileReference; lastKnownFileType = text.plist.xml; path = Info.plist; sourceTree = "<group>"; };
/* End PBXFileReference section */

/* Begin PBXFrameworksBuildPhase section */
		A021CFCE26C0DCB200B8CDDE /* Frameworks */ = {
			isa = PBXFrameworksBuildPhase;
			buildActionMask = 2147483647;
			files = (
			);
			runOnlyForDeploymentPostprocessing = 0;
		};
/* End PBXFrameworksBuildPhase section */

/* Begin PBXGroup section */
		A021CFC826C0DCB200B8CDDE = {
			isa = PBXGroup;
			children = (
				A021CFD326C0DCB200B8CDDE /* PullToRefreshPractice */,
				A021CFD226C0DCB200B8CDDE /* Products */,
			);
			sourceTree = "<group>";
		};
		A021CFD226C0DCB200B8CDDE /* Products */ = {
			isa = PBXGroup;
			children = (
				A021CFD126C0DCB200B8CDDE /* PullToRefreshPractice.app */,
			);
			name = Products;
			sourceTree = "<group>";
		};
		A021CFD326C0DCB200B8CDDE /* PullToRefreshPractice */ = {
			isa = PBXGroup;
			children = (
				A021CFD426C0DCB200B8CDDE /* AppDelegate.swift */,
				A021CFD626C0DCB200B8CDDE /* SceneDelegate.swift */,
				A021CFD826C0DCB200B8CDDE /* ViewController.swift */,
				A021CFDA26C0DCB200B8CDDE /* Main.storyboard */,
				A021CFDD26C0DCB400B8CDDE /* Assets.xcassets */,
				A021CFDF26C0DCB400B8CDDE /* LaunchScreen.storyboard */,
				A021CFE226C0DCB400B8CDDE /* Info.plist */,
			);
			path = PullToRefreshPractice;
			sourceTree = "<group>";
		};
/* End PBXGroup section */

/* Begin PBXNativeTarget section */
		A021CFD026C0DCB200B8CDDE /* PullToRefreshPractice */ = {
			isa = PBXNativeTarget;
			buildConfigurationList = A021CFE526C0DCB400B8CDDE /* Build configuration list for PBXNativeTarget "PullToRefreshPractice" */;
			buildPhases = (
				A021CFCD26C0DCB200B8CDDE /* Sources */,
				A021CFCE26C0DCB200B8CDDE /* Frameworks */,
				A021CFCF26C0DCB200B8CDDE /* Resources */,
			);
			buildRules = (
			);
			dependencies = (
			);
			name = PullToRefreshPractice;
			productName = PullToRefreshPractice;
			productReference = A021CFD126C0DCB200B8CDDE /* PullToRefreshPractice.app */;
			productType = "com.apple.product-type.application";
		};
/* End PBXNativeTarget section */

/* Begin PBXProject section */
		A021CFC926C0DCB200B8CDDE /* Project object */ = {
			isa = PBXProject;
			attributes = {
				LastSwiftUpdateCheck = 1250;
				LastUpgradeCheck = 1250;
				TargetAttributes = {
					A021CFD026C0DCB200B8CDDE = {
						CreatedOnToolsVersion = 12.5.1;
					};
				};
			};
			buildConfigurationList = A021CFCC26C0DCB200B8CDDE /* Build configuration list for PBXProject "PullToRefreshPractice" */;
			compatibilityVersion = "Xcode 9.3";
			developmentRegion = en;
			hasScannedForEncodings = 0;
			knownRegions = (
				en,
				Base,
			);
			mainGroup = A021CFC826C0DCB200B8CDDE;
			productRefGroup = A021CFD226C0DCB200B8CDDE /* Products */;
			projectDirPath = "";
			projectRoot = "";
			targets = (
				A021CFD026C0DCB200B8CDDE /* PullToRefreshPractice */,
			);
		};
/* End PBXProject section */

/* Begin PBXResourcesBuildPhase section */
		A021CFCF26C0DCB200B8CDDE /* Resources */ = {
			isa = PBXResourcesBuildPhase;
			buildActionMask = 2147483647;
			files = (
				A021CFE126C0DCB400B8CDDE /* LaunchScreen.storyboard in Resources */,
				A021CFDE26C0DCB400B8CDDE /* Assets.xcassets in Resources */,
				A021CFDC26C0DCB200B8CDDE /* Main.storyboard in Resources */,
			);
			runOnlyForDeploymentPostprocessing = 0;
		};
/* End PBXResourcesBuildPhase section */

/* Begin PBXSourcesBuildPhase section */
		A021CFCD26C0DCB200B8CDDE /* Sources */ = {
			isa = PBXSourcesBuildPhase;
			buildActionMask = 2147483647;
			files = (
				A021CFD926C0DCB200B8CDDE /* ViewController.swift in Sources */,
				A021CFD526C0DCB200B8CDDE /* AppDelegate.swift in Sources */,
				A021CFD726C0DCB200B8CDDE /* SceneDelegate.swift in Sources */,
			);
			runOnlyForDeploymentPostprocessing = 0;
		};
/* End PBXSourcesBuildPhase section */

/* Begin PBXVariantGroup section */
		A021CFDA26C0DCB200B8CDDE /* Main.storyboard */ = {
			isa = PBXVariantGroup;
			children = (
				A021CFDB26C0DCB200B8CDDE /* Base */,
			);
			name = Main.storyboard;
			sourceTree = "<group>";
		};
		A021CFDF26C0DCB400B8CDDE /* LaunchScreen.storyboard */ = {
			isa = PBXVariantGroup;
			children = (
				A021CFE026C0DCB400B8CDDE /* Base */,
			);
			name = LaunchScreen.storyboard;
			sourceTree = "<group>";
		};
/* End PBXVariantGroup section */

/* Begin XCBuildConfiguration section */
		A021CFE326C0DCB400B8CDDE /* Debug */ = {
			isa = XCBuildConfiguration;
			buildSettings = {
				ALWAYS_SEARCH_USER_PATHS = NO;
				CLANG_ANALYZER_NONNULL = YES;
				CLANG_ANALYZER_NUMBER_OBJECT_CONVERSION = YES_AGGRESSIVE;
				CLANG_CXX_LANGUAGE_STANDARD = "gnu++14";
				CLANG_CXX_LIBRARY = "libc++";
				CLANG_ENABLE_MODULES = YES;
				CLANG_ENABLE_OBJC_ARC = YES;
				CLANG_ENABLE_OBJC_WEAK = YES;
				CLANG_WARN_BLOCK_CAPTURE_AUTORELEASING = YES;
				CLANG_WARN_BOOL_CONVERSION = YES;
				CLANG_WARN_COMMA = YES;
				CLANG_WARN_CONSTANT_CONVERSION = YES;
				CLANG_WARN_DEPRECATED_OBJC_IMPLEMENTATIONS = YES;
				CLANG_WARN_DIRECT_OBJC_ISA_USAGE = YES_ERROR;
				CLANG_WARN_DOCUMENTATION_COMMENTS = YES;
				CLANG_WARN_EMPTY_BODY = YES;
				CLANG_WARN_ENUM_CONVERSION = YES;
				CLANG_WARN_INFINITE_RECURSION = YES;
				CLANG_WARN_INT_CONVERSION = YES;
				CLANG_WARN_NON_LITERAL_NULL_CONVERSION = YES;
				CLANG_WARN_OBJC_IMPLICIT_RETAIN_SELF = YES;
				CLANG_WARN_OBJC_LITERAL_CONVERSION = YES;
				CLANG_WARN_OBJC_ROOT_CLASS = YES_ERROR;
				CLANG_WARN_QUOTED_INCLUDE_IN_FRAMEWORK_HEADER = YES;
				CLANG_WARN_RANGE_LOOP_ANALYSIS = YES;
				CLANG_WARN_STRICT_PROTOTYPES = YES;
				CLANG_WARN_SUSPICIOUS_MOVE = YES;
				CLANG_WARN_UNGUARDED_AVAILABILITY = YES_AGGRESSIVE;
				CLANG_WARN_UNREACHABLE_CODE = YES;
				CLANG_WARN__DUPLICATE_METHOD_MATCH = YES;
				COPY_PHASE_STRIP = NO;
				DEBUG_INFORMATION_FORMAT = dwarf;
				ENABLE_STRICT_OBJC_MSGSEND = YES;
				ENABLE_TESTABILITY = YES;
				GCC_C_LANGUAGE_STANDARD = gnu11;
				GCC_DYNAMIC_NO_PIC = NO;
				GCC_NO_COMMON_BLOCKS = YES;
				GCC_OPTIMIZATION_LEVEL = 0;
				GCC_PREPROCESSOR_DEFINITIONS = (
					"DEBUG=1",
					"$(inherited)",
				);
				GCC_WARN_64_TO_32_BIT_CONVERSION = YES;
				GCC_WARN_ABOUT_RETURN_TYPE = YES_ERROR;
				GCC_WARN_UNDECLARED_SELECTOR = YES;
				GCC_WARN_UNINITIALIZED_AUTOS = YES_AGGRESSIVE;
				GCC_WARN_UNUSED_FUNCTION = YES;
				GCC_WARN_UNUSED_VARIABLE = YES;
				IPHONEOS_DEPLOYMENT_TARGET = 14.5;
				MTL_ENABLE_DEBUG_INFO = INCLUDE_SOURCE;
				MTL_FAST_MATH = YES;
				ONLY_ACTIVE_ARCH = YES;
				SDKROOT = iphoneos;
				SWIFT_ACTIVE_COMPILATION_CONDITIONS = DEBUG;
				SWIFT_OPTIMIZATION_LEVEL = "-Onone";
			};
			name = Debug;
		};
		A021CFE426C0DCB400B8CDDE /* Release */ = {
			isa = XCBuildConfiguration;
			buildSettings = {
				ALWAYS_SEARCH_USER_PATHS = NO;
				CLANG_ANALYZER_NONNULL = YES;
				CLANG_ANALYZER_NUMBER_OBJECT_CONVERSION = YES_AGGRESSIVE;
				CLANG_CXX_LANGUAGE_STANDARD = "gnu++14";
				CLANG_CXX_LIBRARY = "libc++";
				CLANG_ENABLE_MODULES = YES;
				CLANG_ENABLE_OBJC_ARC = YES;
				CLANG_ENABLE_OBJC_WEAK = YES;
				CLANG_WARN_BLOCK_CAPTURE_AUTORELEASING = YES;
				CLANG_WARN_BOOL_CONVERSION = YES;
				CLANG_WARN_COMMA = YES;
				CLANG_WARN_CONSTANT_CONVERSION = YES;
				CLANG_WARN_DEPRECATED_OBJC_IMPLEMENTATIONS = YES;
				CLANG_WARN_DIRECT_OBJC_ISA_USAGE = YES_ERROR;
				CLANG_WARN_DOCUMENTATION_COMMENTS = YES;
				CLANG_WARN_EMPTY_BODY = YES;
				CLANG_WARN_ENUM_CONVERSION = YES;
				CLANG_WARN_INFINITE_RECURSION = YES;
				CLANG_WARN_INT_CONVERSION = YES;
				CLANG_WARN_NON_LITERAL_NULL_CONVERSION = YES;
				CLANG_WARN_OBJC_IMPLICIT_RETAIN_SELF = YES;
				CLANG_WARN_OBJC_LITERAL_CONVERSION = YES;
				CLANG_WARN_OBJC_ROOT_CLASS = YES_ERROR;
				CLANG_WARN_QUOTED_INCLUDE_IN_FRAMEWORK_HEADER = YES;
				CLANG_WARN_RANGE_LOOP_ANALYSIS = YES;
				CLANG_WARN_STRICT_PROTOTYPES = YES;
				CLANG_WARN_SUSPICIOUS_MOVE = YES;
				CLANG_WARN_UNGUARDED_AVAILABILITY = YES_AGGRESSIVE;
				CLANG_WARN_UNREACHABLE_CODE = YES;
				CLANG_WARN__DUPLICATE_METHOD_MATCH = YES;
				COPY_PHASE_STRIP = NO;
				DEBUG_INFORMATION_FORMAT = "dwarf-with-dsym";
				ENABLE_NS_ASSERTIONS = NO;
				ENABLE_STRICT_OBJC_MSGSEND = YES;
				GCC_C_LANGUAGE_STANDARD = gnu11;
				GCC_NO_COMMON_BLOCKS = YES;
				GCC_WARN_64_TO_32_BIT_CONVERSION = YES;
				GCC_WARN_ABOUT_RETURN_TYPE = YES_ERROR;
				GCC_WARN_UNDECLARED_SELECTOR = YES;
				GCC_WARN_UNINITIALIZED_AUTOS = YES_AGGRESSIVE;
				GCC_WARN_UNUSED_FUNCTION = YES;
				GCC_WARN_UNUSED_VARIABLE = YES;
				IPHONEOS_DEPLOYMENT_TARGET = 14.5;
				MTL_ENABLE_DEBUG_INFO = NO;
				MTL_FAST_MATH = YES;
				SDKROOT = iphoneos;
				SWIFT_COMPILATION_MODE = wholemodule;
				SWIFT_OPTIMIZATION_LEVEL = "-O";
				VALIDATE_PRODUCT = YES;
			};
			name = Release;
		};
		A021CFE626C0DCB400B8CDDE /* Debug */ = {
			isa = XCBuildConfiguration;
			buildSettings = {
				ASSETCATALOG_COMPILER_APPICON_NAME = AppIcon;
				ASSETCATALOG_COMPILER_GLOBAL_ACCENT_COLOR_NAME = AccentColor;
				CODE_SIGN_STYLE = Automatic;
				DEVELOPMENT_TEAM = HM9J3DG5MT;
				INFOPLIST_FILE = PullToRefreshPractice/Info.plist;
				LD_RUNPATH_SEARCH_PATHS = (
					"$(inherited)",
					"@executable_path/Frameworks",
				);
				PRODUCT_BUNDLE_IDENTIFIER = com.soduma.PullToRefreshPractice;
				PRODUCT_NAME = "$(TARGET_NAME)";
				SWIFT_VERSION = 5.0;
				TARGETED_DEVICE_FAMILY = "1,2";
			};
			name = Debug;
		};
		A021CFE726C0DCB400B8CDDE /* Release */ = {
			isa = XCBuildConfiguration;
			buildSettings = {
				ASSETCATALOG_COMPILER_APPICON_NAME = AppIcon;
				ASSETCATALOG_COMPILER_GLOBAL_ACCENT_COLOR_NAME = AccentColor;
				CODE_SIGN_STYLE = Automatic;
				DEVELOPMENT_TEAM = HM9J3DG5MT;
				INFOPLIST_FILE = PullToRefreshPractice/Info.plist;
				LD_RUNPATH_SEARCH_PATHS = (
					"$(inherited)",
					"@executable_path/Frameworks",
				);
				PRODUCT_BUNDLE_IDENTIFIER = com.soduma.PullToRefreshPractice;
				PRODUCT_NAME = "$(TARGET_NAME)";
				SWIFT_VERSION = 5.0;
				TARGETED_DEVICE_FAMILY = "1,2";
			};
			name = Release;
		};
/* End XCBuildConfiguration section */

/* Begin XCConfigurationList section */
		A021CFCC26C0DCB200B8CDDE /* Build configuration list for PBXProject "PullToRefreshPractice" */ = {
			isa = XCConfigurationList;
			buildConfigurations = (
				A021CFE326C0DCB400B8CDDE /* Debug */,
				A021CFE426C0DCB400B8CDDE /* Release */,
			);
			defaultConfigurationIsVisible = 0;
			defaultConfigurationName = Release;
		};
		A021CFE526C0DCB400B8CDDE /* Build configuration list for PBXNativeTarget "PullToRefreshPractice" */ = {
			isa = XCConfigurationList;
			buildConfigurations = (
				A021CFE626C0DCB400B8CDDE /* Debug */,
				A021CFE726C0DCB400B8CDDE /* Release */,
			);
			defaultConfigurationIsVisible = 0;
			defaultConfigurationName = Release;
		};
/* End XCConfigurationList section */
	};
	rootObject = A021CFC926C0DCB200B8CDDE /* Project object */;
}
